
Microsoft Visual Studio Solution File, Format Version 12.00
# 
Project("{FAE04EC0-301F-11D3-BF4B-00C04F79EFBC}") = "Shop.Users", "Shop.Users\Shop.Users.csproj", "{D2C8EE3B-E8C5-48DB-B161-0BE0D4697FDB}"
EndProject
Project("{FAE04EC0-301F-11D3-BF4B-00C04F79EFBC}") = "Shop.Products", "Shop.Products\Shop.Products.csproj", "{FB48B57C-BEFF-4882-BB09-D2F0BF9592E1}"
EndProject
Project("{FAE04EC0-301F-11D3-BF4B-00C04F79EFBC}") = "Shop.Frontend", "Shop.Frontend\Shop.Frontend.csproj", "{FCB4B6B1-6465-45FE-BA6C-49438F41276F}"
EndProject
Project("{FAE04EC0-301F-11D3-BF4B-00C04F79EFBC}") = "Shop.Shared", "Shop.Shared\Shop.Shared.csproj", "{594D7B42-2299-4420-B9AC-BFCD979D382E}"
EndProject
Project("{2150E333-8FDC-42A3-9474-1A3956D46DE8}") = "Solution Items", "Solution Items", "{416D966D-8BD0-4E76-A615-637CC492745E}"
	ProjectSection(SolutionItems) = preProject
		compose.yaml = compose.yaml
		.env = .env
		.env.example = .env.example
	EndProjectSection
EndProject
Project("{FAE04EC0-301F-11D3-BF4B-00C04F79EFBC}") = "Shop.Users.Tests", "Shop.Users.Tests\Shop.Users.Tests.csproj", "{F9A2B816-E7B2-4226-889E-72244E2938DD}"
EndProject
Global
	GlobalSection(SolutionConfigurationPlatforms) = preSolution
		Debug|Any CPU = Debug|Any CPU
		Release|Any CPU = Release|Any CPU
	EndGlobalSection
	GlobalSection(ProjectConfigurationPlatforms) = postSolution
		{FCB4B6B1-6465-45FE-BA6C-49438F41276F}.Debug|Any CPU.ActiveCfg = Debug|Any CPU
		{FCB4B6B1-6465-45FE-BA6C-49438F41276F}.Debug|Any CPU.Build.0 = Debug|Any CPU
		{FB48B57C-BEFF-4882-BB09-D2F0BF9592E1}.Debug|Any CPU.ActiveCfg = Debug|Any CPU
		{FB48B57C-BEFF-4882-BB09-D2F0BF9592E1}.Debug|Any CPU.Build.0 = Debug|Any CPU
		{D2C8EE3B-E8C5-48DB-B161-0BE0D4697FDB}.Debug|Any CPU.ActiveCfg = Debug|Any CPU
		{D2C8EE3B-E8C5-48DB-B161-0BE0D4697FDB}.Debug|Any CPU.Build.0 = Debug|Any CPU
		{594D7B42-2299-4420-B9AC-BFCD979D382E}.Debug|Any CPU.ActiveCfg = Debug|Any CPU
		{594D7B42-2299-4420-B9AC-BFCD979D382E}.Debug|Any CPU.Build.0 = Debug|Any CPU
		{594D7B42-2299-4420-B9AC-BFCD979D382E}.Release|Any CPU.ActiveCfg = Release|Any CPU
		{594D7B42-2299-4420-B9AC-BFCD979D382E}.Release|Any CPU.Build.0 = Release|Any CPU
		{F9A2B816-E7B2-4226-889E-72244E2938DD}.Debug|Any CPU.ActiveCfg = Debug|Any CPU
		{F9A2B816-E7B2-4226-889E-72244E2938DD}.Debug|Any CPU.Build.0 = Debug|Any CPU
		{F9A2B816-E7B2-4226-889E-72244E2938DD}.Release|Any CPU.ActiveCfg = Release|Any CPU
		{F9A2B816-E7B2-4226-889E-72244E2938DD}.Release|Any CPU.Build.0 = Release|Any CPU
	EndGlobalSection
EndGlobal
